// !$*UTF8*$!
{
	archiveVersion = 1;
	classes = {
	};
	objectVersion = 46;
	objects = {

/* Begin PBXBuildFile section */
		6D2D692519C58CFF00304CF5 /* TTIViewController.m in Sources */ = {isa = PBXBuildFile; fileRef = 6D2D692419C58CFF00304CF5 /* TTIViewController.m */; };
		6D318A3919D948A5007BCD61 /* TTRoundButton.m in Sources */ = {isa = PBXBuildFile; fileRef = 6D318A3819D948A5007BCD61 /* TTRoundButton.m */; };
		6D3537C819C3E87700570DB4 /* TTWhoAmIViewController.m in Sources */ = {isa = PBXBuildFile; fileRef = 6D3537C719C3E87700570DB4 /* TTWhoAmIViewController.m */; };
		6D49B91C19D2659900A5B8B4 /* TTPhotoImageView.m in Sources */ = {isa = PBXBuildFile; fileRef = 6D49B91B19D2659900A5B8B4 /* TTPhotoImageView.m */; };
		6D6FEED219BE82AE003C0535 /* main.m in Sources */ = {isa = PBXBuildFile; fileRef = 6D6FEED119BE82AE003C0535 /* main.m */; };
		6D6FEEDE19BE82AE003C0535 /* Main.storyboard in Resources */ = {isa = PBXBuildFile; fileRef = 6D6FEEDC19BE82AE003C0535 /* Main.storyboard */; };
		6D6FEEE019BE82AE003C0535 /* Images.xcassets in Resources */ = {isa = PBXBuildFile; fileRef = 6D6FEEDF19BE82AE003C0535 /* Images.xcassets */; };
		6D6FEEEC19BE82AE003C0535 /* TwentyThousandThomatoesTests.m in Sources */ = {isa = PBXBuildFile; fileRef = 6D6FEEEB19BE82AE003C0535 /* TwentyThousandThomatoesTests.m */; };
		6D766FA319C98880006ED70B /* TTI.m in Sources */ = {isa = PBXBuildFile; fileRef = 6D766FA219C98880006ED70B /* TTI.m */; };
		6D97E32319CA868100ED2212 /* TTTomatoes.xcdatamodeld in Sources */ = {isa = PBXBuildFile; fileRef = 6D97E32119CA868100ED2212 /* TTTomatoes.xcdatamodeld */; };
		6D97E32719CA869900ED2212 /* UIImageValueTransformer.m in Sources */ = {isa = PBXBuildFile; fileRef = 6D97E32619CA869900ED2212 /* UIImageValueTransformer.m */; };
		6D97E33019CAB04900ED2212 /* TTPhotoSelectViewController.m in Sources */ = {isa = PBXBuildFile; fileRef = 6D97E32F19CAB04900ED2212 /* TTPhotoSelectViewController.m */; };
		6D97E33719CAC02000ED2212 /* TTPhotoCollectionViewCell.m in Sources */ = {isa = PBXBuildFile; fileRef = 6D97E33619CAC02000ED2212 /* TTPhotoCollectionViewCell.m */; };
		6DADCF3319C12BA300266708 /* TTLongTermGoal.m in Sources */ = {isa = PBXBuildFile; fileRef = 6DADCF3219C12BA300266708 /* TTLongTermGoal.m */; };
		6DADCF3619C12BA400266708 /* TTShortTermGoal.m in Sources */ = {isa = PBXBuildFile; fileRef = 6DADCF3519C12BA400266708 /* TTShortTermGoal.m */; };
		6DADCF3919C12BA400266708 /* TTYearRing.m in Sources */ = {isa = PBXBuildFile; fileRef = 6DADCF3819C12BA400266708 /* TTYearRing.m */; };
		6DADCF3F19C12BA400266708 /* TTMidleTermGoal.m in Sources */ = {isa = PBXBuildFile; fileRef = 6DADCF3E19C12BA400266708 /* TTMidleTermGoal.m */; };
		6DADCF4219C12BA400266708 /* TTGoal.m in Sources */ = {isa = PBXBuildFile; fileRef = 6DADCF4119C12BA400266708 /* TTGoal.m */; };
		6DADCF4519C12BA400266708 /* TTTomato.m in Sources */ = {isa = PBXBuildFile; fileRef = 6DADCF4419C12BA400266708 /* TTTomato.m */; };
		6DADCF4819C12BA400266708 /* TTLifeGoal.m in Sources */ = {isa = PBXBuildFile; fileRef = 6DADCF4719C12BA400266708 /* TTLifeGoal.m */; };
		6DADCF4A19C12ED500266708 /* CoreData.framework in Frameworks */ = {isa = PBXBuildFile; fileRef = 6DADCF4919C12ED500266708 /* CoreData.framework */; };
		6DB0B02619C549D9004A2192 /* TTDreamViewController.m in Sources */ = {isa = PBXBuildFile; fileRef = 6DB0B02519C549D9004A2192 /* TTDreamViewController.m */; };
		6DC15D2119D1A1CB008784F9 /* TTImageScrollView.m in Sources */ = {isa = PBXBuildFile; fileRef = 6DC15D2019D1A1CB008784F9 /* TTImageScrollView.m */; };
		6DC40FFA19CBBD52004AD6C9 /* TTPhotoEditViewController.m in Sources */ = {isa = PBXBuildFile; fileRef = 6DC40FF919CBBD52004AD6C9 /* TTPhotoEditViewController.m */; };
		6DC4CBC219D2EFD200AD8E3A /* TTPhotoMaskView.m in Sources */ = {isa = PBXBuildFile; fileRef = 6DC4CBC119D2EFD200AD8E3A /* TTPhotoMaskView.m */; };
		6DFCC0FA19E4DB0B002169D8 /* TTBottomLineTextField.m in Sources */ = {isa = PBXBuildFile; fileRef = 6DFCC0F919E4DB0B002169D8 /* TTBottomLineTextField.m */; };
		6DFDB81019BEE56000183FB4 /* TTAchivementMasterViewController.m in Sources */ = {isa = PBXBuildFile; fileRef = 6DFDB80F19BEE56000183FB4 /* TTAchivementMasterViewController.m */; };
		6DFDB81419BEE56800183FB4 /* TTDreamMasterViewController.m in Sources */ = {isa = PBXBuildFile; fileRef = 6DFDB81319BEE56800183FB4 /* TTDreamMasterViewController.m */; };
		6DFDB81819BEE58000183FB4 /* TTTomatoMasterViewController.m in Sources */ = {isa = PBXBuildFile; fileRef = 6DFDB81719BEE58000183FB4 /* TTTomatoMasterViewController.m */; };
		6DFDB81C19BEE74A00183FB4 /* AppDelegate.m in Sources */ = {isa = PBXBuildFile; fileRef = 6DFDB81B19BEE74A00183FB4 /* AppDelegate.m */; };
		6DFDB82019BEE94300183FB4 /* UIViewController+GetInstanceFromStoryBoard.m in Sources */ = {isa = PBXBuildFile; fileRef = 6DFDB81F19BEE94300183FB4 /* UIViewController+GetInstanceFromStoryBoard.m */; };
		6DFDB82419BEF26600183FB4 /* TTDataSourceManager.m in Sources */ = {isa = PBXBuildFile; fileRef = 6DFDB82319BEF26600183FB4 /* TTDataSourceManager.m */; };
/* End PBXBuildFile section */

/* Begin PBXContainerItemProxy section */
		6D6FEEE619BE82AE003C0535 /* PBXContainerItemProxy */ = {
			isa = PBXContainerItemProxy;
			containerPortal = 6D6FEEC419BE82AE003C0535 /* Project object */;
			proxyType = 1;
			remoteGlobalIDString = 6D6FEECB19BE82AE003C0535;
			remoteInfo = TwentyThousandThomatoes;
		};
/* End PBXContainerItemProxy section */

/* Begin PBXFileReference section */
		6D2D692319C58CFF00304CF5 /* TTIViewController.h */ = {isa = PBXFileReference; fileEncoding = 4; lastKnownFileType = sourcecode.c.h; path = TTIViewController.h; sourceTree = "<group>"; };
		6D2D692419C58CFF00304CF5 /* TTIViewController.m */ = {isa = PBXFileReference; fileEncoding = 4; lastKnownFileType = sourcecode.c.objc; path = TTIViewController.m; sourceTree = "<group>"; };
		6D318A3719D948A5007BCD61 /* TTRoundButton.h */ = {isa = PBXFileReference; fileEncoding = 4; lastKnownFileType = sourcecode.c.h; path = TTRoundButton.h; sourceTree = "<group>"; };
		6D318A3819D948A5007BCD61 /* TTRoundButton.m */ = {isa = PBXFileReference; fileEncoding = 4; lastKnownFileType = sourcecode.c.objc; path = TTRoundButton.m; sourceTree = "<group>"; };
		6D3537C619C3E87700570DB4 /* TTWhoAmIViewController.h */ = {isa = PBXFileReference; fileEncoding = 4; lastKnownFileType = sourcecode.c.h; path = TTWhoAmIViewController.h; sourceTree = "<group>"; };
		6D3537C719C3E87700570DB4 /* TTWhoAmIViewController.m */ = {isa = PBXFileReference; fileEncoding = 4; lastKnownFileType = sourcecode.c.objc; path = TTWhoAmIViewController.m; sourceTree = "<group>"; };
		6D3537C919C4442200570DB4 /* TTTwentythousandTomatoes.pch */ = {isa = PBXFileReference; lastKnownFileType = sourcecode.c.h; path = TTTwentythousandTomatoes.pch; sourceTree = "<group>"; };
		6D49B91A19D2659900A5B8B4 /* TTPhotoImageView.h */ = {isa = PBXFileReference; fileEncoding = 4; lastKnownFileType = sourcecode.c.h; path = TTPhotoImageView.h; sourceTree = "<group>"; };
		6D49B91B19D2659900A5B8B4 /* TTPhotoImageView.m */ = {isa = PBXFileReference; fileEncoding = 4; lastKnownFileType = sourcecode.c.objc; path = TTPhotoImageView.m; sourceTree = "<group>"; };
		6D6FEECC19BE82AE003C0535 /* TwentyThousandThomatoes.app */ = {isa = PBXFileReference; explicitFileType = wrapper.application; includeInIndex = 0; path = TwentyThousandThomatoes.app; sourceTree = BUILT_PRODUCTS_DIR; };
		6D6FEED019BE82AE003C0535 /* Info.plist */ = {isa = PBXFileReference; lastKnownFileType = text.plist.xml; path = Info.plist; sourceTree = "<group>"; };
		6D6FEED119BE82AE003C0535 /* main.m */ = {isa = PBXFileReference; lastKnownFileType = sourcecode.c.objc; path = main.m; sourceTree = "<group>"; };
		6D6FEEDD19BE82AE003C0535 /* Base */ = {isa = PBXFileReference; lastKnownFileType = file.storyboard; name = Base; path = Base.lproj/Main.storyboard; sourceTree = "<group>"; };
		6D6FEEDF19BE82AE003C0535 /* Images.xcassets */ = {isa = PBXFileReference; lastKnownFileType = folder.assetcatalog; path = Images.xcassets; sourceTree = "<group>"; };
		6D6FEEE519BE82AE003C0535 /* TwentyThousandThomatoesTests.xctest */ = {isa = PBXFileReference; explicitFileType = wrapper.cfbundle; includeInIndex = 0; path = TwentyThousandThomatoesTests.xctest; sourceTree = BUILT_PRODUCTS_DIR; };
		6D6FEEEA19BE82AE003C0535 /* Info.plist */ = {isa = PBXFileReference; lastKnownFileType = text.plist.xml; path = Info.plist; sourceTree = "<group>"; };
		6D6FEEEB19BE82AE003C0535 /* TwentyThousandThomatoesTests.m */ = {isa = PBXFileReference; lastKnownFileType = sourcecode.c.objc; path = TwentyThousandThomatoesTests.m; sourceTree = "<group>"; };
		6D766FA119C98880006ED70B /* TTI.h */ = {isa = PBXFileReference; fileEncoding = 4; lastKnownFileType = sourcecode.c.h; path = TTI.h; sourceTree = "<group>"; };
		6D766FA219C98880006ED70B /* TTI.m */ = {isa = PBXFileReference; fileEncoding = 4; lastKnownFileType = sourcecode.c.objc; path = TTI.m; sourceTree = "<group>"; };
		6D97E32219CA868100ED2212 /* TTTomatoes.xcdatamodel */ = {isa = PBXFileReference; lastKnownFileType = wrapper.xcdatamodel; path = TTTomatoes.xcdatamodel; sourceTree = "<group>"; };
		6D97E32519CA869900ED2212 /* UIImageValueTransformer.h */ = {isa = PBXFileReference; fileEncoding = 4; lastKnownFileType = sourcecode.c.h; path = UIImageValueTransformer.h; sourceTree = "<group>"; };
		6D97E32619CA869900ED2212 /* UIImageValueTransformer.m */ = {isa = PBXFileReference; fileEncoding = 4; lastKnownFileType = sourcecode.c.objc; path = UIImageValueTransformer.m; sourceTree = "<group>"; };
		6D97E32E19CAB04900ED2212 /* TTPhotoSelectViewController.h */ = {isa = PBXFileReference; fileEncoding = 4; lastKnownFileType = sourcecode.c.h; path = TTPhotoSelectViewController.h; sourceTree = "<group>"; };
		6D97E32F19CAB04900ED2212 /* TTPhotoSelectViewController.m */ = {isa = PBXFileReference; fileEncoding = 4; lastKnownFileType = sourcecode.c.objc; path = TTPhotoSelectViewController.m; sourceTree = "<group>"; };
		6D97E33519CAC02000ED2212 /* TTPhotoCollectionViewCell.h */ = {isa = PBXFileReference; fileEncoding = 4; lastKnownFileType = sourcecode.c.h; path = TTPhotoCollectionViewCell.h; sourceTree = "<group>"; };
		6D97E33619CAC02000ED2212 /* TTPhotoCollectionViewCell.m */ = {isa = PBXFileReference; fileEncoding = 4; lastKnownFileType = sourcecode.c.objc; path = TTPhotoCollectionViewCell.m; sourceTree = "<group>"; };
		6DADCF3119C12BA300266708 /* TTLongTermGoal.h */ = {isa = PBXFileReference; fileEncoding = 4; lastKnownFileType = sourcecode.c.h; path = TTLongTermGoal.h; sourceTree = "<group>"; };
		6DADCF3219C12BA300266708 /* TTLongTermGoal.m */ = {isa = PBXFileReference; fileEncoding = 4; lastKnownFileType = sourcecode.c.objc; path = TTLongTermGoal.m; sourceTree = "<group>"; };
		6DADCF3419C12BA400266708 /* TTShortTermGoal.h */ = {isa = PBXFileReference; fileEncoding = 4; lastKnownFileType = sourcecode.c.h; path = TTShortTermGoal.h; sourceTree = "<group>"; };
		6DADCF3519C12BA400266708 /* TTShortTermGoal.m */ = {isa = PBXFileReference; fileEncoding = 4; lastKnownFileType = sourcecode.c.objc; path = TTShortTermGoal.m; sourceTree = "<group>"; };
		6DADCF3719C12BA400266708 /* TTYearRing.h */ = {isa = PBXFileReference; fileEncoding = 4; lastKnownFileType = sourcecode.c.h; path = TTYearRing.h; sourceTree = "<group>"; };
		6DADCF3819C12BA400266708 /* TTYearRing.m */ = {isa = PBXFileReference; fileEncoding = 4; lastKnownFileType = sourcecode.c.objc; path = TTYearRing.m; sourceTree = "<group>"; };
		6DADCF3D19C12BA400266708 /* TTMidleTermGoal.h */ = {isa = PBXFileReference; fileEncoding = 4; lastKnownFileType = sourcecode.c.h; path = TTMidleTermGoal.h; sourceTree = "<group>"; };
		6DADCF3E19C12BA400266708 /* TTMidleTermGoal.m */ = {isa = PBXFileReference; fileEncoding = 4; lastKnownFileType = sourcecode.c.objc; path = TTMidleTermGoal.m; sourceTree = "<group>"; };
		6DADCF4019C12BA400266708 /* TTGoal.h */ = {isa = PBXFileReference; fileEncoding = 4; lastKnownFileType = sourcecode.c.h; path = TTGoal.h; sourceTree = "<group>"; };
		6DADCF4119C12BA400266708 /* TTGoal.m */ = {isa = PBXFileReference; fileEncoding = 4; lastKnownFileType = sourcecode.c.objc; path = TTGoal.m; sourceTree = "<group>"; };
		6DADCF4319C12BA400266708 /* TTTomato.h */ = {isa = PBXFileReference; fileEncoding = 4; lastKnownFileType = sourcecode.c.h; path = TTTomato.h; sourceTree = "<group>"; };
		6DADCF4419C12BA400266708 /* TTTomato.m */ = {isa = PBXFileReference; fileEncoding = 4; lastKnownFileType = sourcecode.c.objc; path = TTTomato.m; sourceTree = "<group>"; };
		6DADCF4619C12BA400266708 /* TTLifeGoal.h */ = {isa = PBXFileReference; fileEncoding = 4; lastKnownFileType = sourcecode.c.h; path = TTLifeGoal.h; sourceTree = "<group>"; };
		6DADCF4719C12BA400266708 /* TTLifeGoal.m */ = {isa = PBXFileReference; fileEncoding = 4; lastKnownFileType = sourcecode.c.objc; path = TTLifeGoal.m; sourceTree = "<group>"; };
		6DADCF4919C12ED500266708 /* CoreData.framework */ = {isa = PBXFileReference; lastKnownFileType = wrapper.framework; name = CoreData.framework; path = System/Library/Frameworks/CoreData.framework; sourceTree = SDKROOT; };
		6DB0B02419C549D9004A2192 /* TTDreamViewController.h */ = {isa = PBXFileReference; fileEncoding = 4; lastKnownFileType = sourcecode.c.h; path = TTDreamViewController.h; sourceTree = "<group>"; };
		6DB0B02519C549D9004A2192 /* TTDreamViewController.m */ = {isa = PBXFileReference; fileEncoding = 4; lastKnownFileType = sourcecode.c.objc; path = TTDreamViewController.m; sourceTree = "<group>"; };
		6DC15D1F19D1A1CB008784F9 /* TTImageScrollView.h */ = {isa = PBXFileReference; fileEncoding = 4; lastKnownFileType = sourcecode.c.h; path = TTImageScrollView.h; sourceTree = "<group>"; };
		6DC15D2019D1A1CB008784F9 /* TTImageScrollView.m */ = {isa = PBXFileReference; fileEncoding = 4; lastKnownFileType = sourcecode.c.objc; path = TTImageScrollView.m; sourceTree = "<group>"; };
		6DC40FF819CBBD52004AD6C9 /* TTPhotoEditViewController.h */ = {isa = PBXFileReference; fileEncoding = 4; lastKnownFileType = sourcecode.c.h; path = TTPhotoEditViewController.h; sourceTree = "<group>"; };
		6DC40FF919CBBD52004AD6C9 /* TTPhotoEditViewController.m */ = {isa = PBXFileReference; fileEncoding = 4; lastKnownFileType = sourcecode.c.objc; path = TTPhotoEditViewController.m; sourceTree = "<group>"; };
		6DC4CBC019D2EFD200AD8E3A /* TTPhotoMaskView.h */ = {isa = PBXFileReference; fileEncoding = 4; lastKnownFileType = sourcecode.c.h; path = TTPhotoMaskView.h; sourceTree = "<group>"; };
		6DC4CBC119D2EFD200AD8E3A /* TTPhotoMaskView.m */ = {isa = PBXFileReference; fileEncoding = 4; lastKnownFileType = sourcecode.c.objc; path = TTPhotoMaskView.m; sourceTree = "<group>"; };
		6DFCC0F819E4DB0B002169D8 /* TTBottomLineTextField.h */ = {isa = PBXFileReference; fileEncoding = 4; lastKnownFileType = sourcecode.c.h; path = TTBottomLineTextField.h; sourceTree = "<group>"; };
		6DFCC0F919E4DB0B002169D8 /* TTBottomLineTextField.m */ = {isa = PBXFileReference; fileEncoding = 4; lastKnownFileType = sourcecode.c.objc; path = TTBottomLineTextField.m; sourceTree = "<group>"; };
		6DFDB80E19BEE56000183FB4 /* TTAchivementMasterViewController.h */ = {isa = PBXFileReference; fileEncoding = 4; lastKnownFileType = sourcecode.c.h; path = TTAchivementMasterViewController.h; sourceTree = "<group>"; };
		6DFDB80F19BEE56000183FB4 /* TTAchivementMasterViewController.m */ = {isa = PBXFileReference; fileEncoding = 4; lastKnownFileType = sourcecode.c.objc; path = TTAchivementMasterViewController.m; sourceTree = "<group>"; };
		6DFDB81219BEE56800183FB4 /* TTDreamMasterViewController.h */ = {isa = PBXFileReference; fileEncoding = 4; lastKnownFileType = sourcecode.c.h; path = TTDreamMasterViewController.h; sourceTree = "<group>"; };
		6DFDB81319BEE56800183FB4 /* TTDreamMasterViewController.m */ = {isa = PBXFileReference; fileEncoding = 4; lastKnownFileType = sourcecode.c.objc; path = TTDreamMasterViewController.m; sourceTree = "<group>"; };
		6DFDB81619BEE58000183FB4 /* TTTomatoMasterViewController.h */ = {isa = PBXFileReference; fileEncoding = 4; lastKnownFileType = sourcecode.c.h; path = TTTomatoMasterViewController.h; sourceTree = "<group>"; };
		6DFDB81719BEE58000183FB4 /* TTTomatoMasterViewController.m */ = {isa = PBXFileReference; fileEncoding = 4; lastKnownFileType = sourcecode.c.objc; path = TTTomatoMasterViewController.m; sourceTree = "<group>"; };
		6DFDB81A19BEE74A00183FB4 /* AppDelegate.h */ = {isa = PBXFileReference; fileEncoding = 4; lastKnownFileType = sourcecode.c.h; path = AppDelegate.h; sourceTree = "<group>"; };
		6DFDB81B19BEE74A00183FB4 /* AppDelegate.m */ = {isa = PBXFileReference; fileEncoding = 4; lastKnownFileType = sourcecode.c.objc; path = AppDelegate.m; sourceTree = "<group>"; };
		6DFDB81E19BEE94300183FB4 /* UIViewController+GetInstanceFromStoryBoard.h */ = {isa = PBXFileReference; fileEncoding = 4; lastKnownFileType = sourcecode.c.h; path = "UIViewController+GetInstanceFromStoryBoard.h"; sourceTree = "<group>"; };
		6DFDB81F19BEE94300183FB4 /* UIViewController+GetInstanceFromStoryBoard.m */ = {isa = PBXFileReference; fileEncoding = 4; lastKnownFileType = sourcecode.c.objc; path = "UIViewController+GetInstanceFromStoryBoard.m"; sourceTree = "<group>"; };
		6DFDB82219BEF26600183FB4 /* TTDataSourceManager.h */ = {isa = PBXFileReference; fileEncoding = 4; lastKnownFileType = sourcecode.c.h; path = TTDataSourceManager.h; sourceTree = "<group>"; };
		6DFDB82319BEF26600183FB4 /* TTDataSourceManager.m */ = {isa = PBXFileReference; fileEncoding = 4; lastKnownFileType = sourcecode.c.objc; path = TTDataSourceManager.m; sourceTree = "<group>"; };
/* End PBXFileReference section */

/* Begin PBXFrameworksBuildPhase section */
		6D6FEEC919BE82AE003C0535 /* Frameworks */ = {
			isa = PBXFrameworksBuildPhase;
			buildActionMask = 2147483647;
			files = (
				6DADCF4A19C12ED500266708 /* CoreData.framework in Frameworks */,
			);
			runOnlyForDeploymentPostprocessing = 0;
		};
		6D6FEEE219BE82AE003C0535 /* Frameworks */ = {
			isa = PBXFrameworksBuildPhase;
			buildActionMask = 2147483647;
			files = (
			);
			runOnlyForDeploymentPostprocessing = 0;
		};
/* End PBXFrameworksBuildPhase section */

/* Begin PBXGroup section */
		6D6FEEC319BE82AE003C0535 = {
			isa = PBXGroup;
			children = (
				6DADCF4919C12ED500266708 /* CoreData.framework */,
				6D6FEECE19BE82AE003C0535 /* TwentyThousandThomatoes */,
				6D6FEEE819BE82AE003C0535 /* TwentyThousandThomatoesTests */,
				6D6FEECD19BE82AE003C0535 /* Products */,
			);
			sourceTree = "<group>";
		};
		6D6FEECD19BE82AE003C0535 /* Products */ = {
			isa = PBXGroup;
			children = (
				6D6FEECC19BE82AE003C0535 /* TwentyThousandThomatoes.app */,
				6D6FEEE519BE82AE003C0535 /* TwentyThousandThomatoesTests.xctest */,
			);
			name = Products;
			sourceTree = "<group>";
		};
		6D6FEECE19BE82AE003C0535 /* TwentyThousandThomatoes */ = {
			isa = PBXGroup;
			children = (
				6DFDB82119BEF20600183FB4 /* DataSource */,
				6DFDB81919BEE74A00183FB4 /* General */,
				6D6FEEF819BE8A0B003C0535 /* UI */,
				6D6FEEDC19BE82AE003C0535 /* Main.storyboard */,
				6D6FEEDF19BE82AE003C0535 /* Images.xcassets */,
				6D6FEECF19BE82AE003C0535 /* Supporting Files */,
			);
			path = TwentyThousandThomatoes;
			sourceTree = "<group>";
		};
		6D6FEECF19BE82AE003C0535 /* Supporting Files */ = {
			isa = PBXGroup;
			children = (
				6D6FEED019BE82AE003C0535 /* Info.plist */,
				6D6FEED119BE82AE003C0535 /* main.m */,
			);
			name = "Supporting Files";
			sourceTree = "<group>";
		};
		6D6FEEE819BE82AE003C0535 /* TwentyThousandThomatoesTests */ = {
			isa = PBXGroup;
			children = (
				6D6FEEEB19BE82AE003C0535 /* TwentyThousandThomatoesTests.m */,
				6D6FEEE919BE82AE003C0535 /* Supporting Files */,
			);
			path = TwentyThousandThomatoesTests;
			sourceTree = "<group>";
		};
		6D6FEEE919BE82AE003C0535 /* Supporting Files */ = {
			isa = PBXGroup;
			children = (
				6D6FEEEA19BE82AE003C0535 /* Info.plist */,
			);
			name = "Supporting Files";
			sourceTree = "<group>";
		};
		6D6FEEF819BE8A0B003C0535 /* UI */ = {
			isa = PBXGroup;
			children = (
				6DFDB81519BEE56C00183FB4 /* Tomatoes */,
				6DFDB81119BEE56800183FB4 /* Dreams */,
				6DFDB80D19BEE56000183FB4 /* Achivements */,
			);
			name = UI;
			sourceTree = "<group>";
		};
		6D97E32419CA869900ED2212 /* value transformer */ = {
			isa = PBXGroup;
			children = (
				6D97E32519CA869900ED2212 /* UIImageValueTransformer.h */,
				6D97E32619CA869900ED2212 /* UIImageValueTransformer.m */,
			);
			path = "value transformer";
			sourceTree = "<group>";
		};
		6D97E33419CAC02000ED2212 /* views */ = {
			isa = PBXGroup;
			children = (
				6D97E33519CAC02000ED2212 /* TTPhotoCollectionViewCell.h */,
				6D97E33619CAC02000ED2212 /* TTPhotoCollectionViewCell.m */,
				6DC15D1F19D1A1CB008784F9 /* TTImageScrollView.h */,
				6DC15D2019D1A1CB008784F9 /* TTImageScrollView.m */,
				6D49B91A19D2659900A5B8B4 /* TTPhotoImageView.h */,
				6D49B91B19D2659900A5B8B4 /* TTPhotoImageView.m */,
				6DC4CBC019D2EFD200AD8E3A /* TTPhotoMaskView.h */,
				6DC4CBC119D2EFD200AD8E3A /* TTPhotoMaskView.m */,
				6D318A3719D948A5007BCD61 /* TTRoundButton.h */,
				6D318A3819D948A5007BCD61 /* TTRoundButton.m */,
				6DFCC0F819E4DB0B002169D8 /* TTBottomLineTextField.h */,
				6DFCC0F919E4DB0B002169D8 /* TTBottomLineTextField.m */,
			);
			path = views;
			sourceTree = "<group>";
		};
		6DFDB80D19BEE56000183FB4 /* Achivements */ = {
			isa = PBXGroup;
			children = (
				6DFDB80E19BEE56000183FB4 /* TTAchivementMasterViewController.h */,
				6DFDB80F19BEE56000183FB4 /* TTAchivementMasterViewController.m */,
			);
			path = Achivements;
			sourceTree = "<group>";
		};
		6DFDB81119BEE56800183FB4 /* Dreams */ = {
			isa = PBXGroup;
			children = (
				6D97E33419CAC02000ED2212 /* views */,
				6DFDB81219BEE56800183FB4 /* TTDreamMasterViewController.h */,
				6DFDB81319BEE56800183FB4 /* TTDreamMasterViewController.m */,
				6D3537C619C3E87700570DB4 /* TTWhoAmIViewController.h */,
				6D3537C719C3E87700570DB4 /* TTWhoAmIViewController.m */,
				6DB0B02419C549D9004A2192 /* TTDreamViewController.h */,
				6DB0B02519C549D9004A2192 /* TTDreamViewController.m */,
				6D2D692319C58CFF00304CF5 /* TTIViewController.h */,
				6D2D692419C58CFF00304CF5 /* TTIViewController.m */,
				6D97E32E19CAB04900ED2212 /* TTPhotoSelectViewController.h */,
				6D97E32F19CAB04900ED2212 /* TTPhotoSelectViewController.m */,
				6DC40FF819CBBD52004AD6C9 /* TTPhotoEditViewController.h */,
				6DC40FF919CBBD52004AD6C9 /* TTPhotoEditViewController.m */,
			);
			path = Dreams;
			sourceTree = "<group>";
		};
		6DFDB81519BEE56C00183FB4 /* Tomatoes */ = {
			isa = PBXGroup;
			children = (
				6DFDB81619BEE58000183FB4 /* TTTomatoMasterViewController.h */,
				6DFDB81719BEE58000183FB4 /* TTTomatoMasterViewController.m */,
			);
			path = Tomatoes;
			sourceTree = "<group>";
		};
		6DFDB81919BEE74A00183FB4 /* General */ = {
			isa = PBXGroup;
			children = (
				6DFDB81A19BEE74A00183FB4 /* AppDelegate.h */,
				6DFDB81B19BEE74A00183FB4 /* AppDelegate.m */,
				6DFDB81E19BEE94300183FB4 /* UIViewController+GetInstanceFromStoryBoard.h */,
				6DFDB81F19BEE94300183FB4 /* UIViewController+GetInstanceFromStoryBoard.m */,
				6D3537C919C4442200570DB4 /* TTTwentythousandTomatoes.pch */,
			);
			path = General;
			sourceTree = "<group>";
		};
		6DFDB82119BEF20600183FB4 /* DataSource */ = {
			isa = PBXGroup;
			children = (
				6DFDB82519BEF49E00183FB4 /* Data Models */,
				6DFDB82219BEF26600183FB4 /* TTDataSourceManager.h */,
				6DFDB82319BEF26600183FB4 /* TTDataSourceManager.m */,
			);
			path = DataSource;
			sourceTree = "<group>";
		};
		6DFDB82519BEF49E00183FB4 /* Data Models */ = {
			isa = PBXGroup;
			children = (
				6D97E32419CA869900ED2212 /* value transformer */,
				6D97E32119CA868100ED2212 /* TTTomatoes.xcdatamodeld */,
				6D766FA119C98880006ED70B /* TTI.h */,
				6D766FA219C98880006ED70B /* TTI.m */,
				6DADCF4619C12BA400266708 /* TTLifeGoal.h */,
				6DADCF4719C12BA400266708 /* TTLifeGoal.m */,
				6DADCF4319C12BA400266708 /* TTTomato.h */,
				6DADCF4419C12BA400266708 /* TTTomato.m */,
				6DADCF4019C12BA400266708 /* TTGoal.h */,
				6DADCF4119C12BA400266708 /* TTGoal.m */,
				6DADCF3D19C12BA400266708 /* TTMidleTermGoal.h */,
				6DADCF3E19C12BA400266708 /* TTMidleTermGoal.m */,
				6DADCF3719C12BA400266708 /* TTYearRing.h */,
				6DADCF3819C12BA400266708 /* TTYearRing.m */,
				6DADCF3419C12BA400266708 /* TTShortTermGoal.h */,
				6DADCF3519C12BA400266708 /* TTShortTermGoal.m */,
				6DADCF3119C12BA300266708 /* TTLongTermGoal.h */,
				6DADCF3219C12BA300266708 /* TTLongTermGoal.m */,
			);
			path = "Data Models";
			sourceTree = "<group>";
		};
/* End PBXGroup section */

/* Begin PBXNativeTarget section */
		6D6FEECB19BE82AE003C0535 /* TwentyThousandThomatoes */ = {
			isa = PBXNativeTarget;
			buildConfigurationList = 6D6FEEEF19BE82AE003C0535 /* Build configuration list for PBXNativeTarget "TwentyThousandThomatoes" */;
			buildPhases = (
				6D6FEEC819BE82AE003C0535 /* Sources */,
				6D6FEEC919BE82AE003C0535 /* Frameworks */,
				6D6FEECA19BE82AE003C0535 /* Resources */,
			);
			buildRules = (
			);
			dependencies = (
			);
			name = TwentyThousandThomatoes;
			productName = TwentyThousandThomatoes;
			productReference = 6D6FEECC19BE82AE003C0535 /* TwentyThousandThomatoes.app */;
			productType = "com.apple.product-type.application";
		};
		6D6FEEE419BE82AE003C0535 /* TwentyThousandThomatoesTests */ = {
			isa = PBXNativeTarget;
			buildConfigurationList = 6D6FEEF219BE82AE003C0535 /* Build configuration list for PBXNativeTarget "TwentyThousandThomatoesTests" */;
			buildPhases = (
				6D6FEEE119BE82AE003C0535 /* Sources */,
				6D6FEEE219BE82AE003C0535 /* Frameworks */,
				6D6FEEE319BE82AE003C0535 /* Resources */,
			);
			buildRules = (
			);
			dependencies = (
				6D6FEEE719BE82AE003C0535 /* PBXTargetDependency */,
			);
			name = TwentyThousandThomatoesTests;
			productName = TwentyThousandThomatoesTests;
			productReference = 6D6FEEE519BE82AE003C0535 /* TwentyThousandThomatoesTests.xctest */;
			productType = "com.apple.product-type.bundle.unit-test";
		};
/* End PBXNativeTarget section */

/* Begin PBXProject section */
		6D6FEEC419BE82AE003C0535 /* Project object */ = {
			isa = PBXProject;
			attributes = {
				LastUpgradeCheck = 0600;
				ORGANIZATIONNAME = lihux;
				TargetAttributes = {
					6D6FEECB19BE82AE003C0535 = {
						CreatedOnToolsVersion = 6.0;
						DevelopmentTeam = 6Z988AT8PK;
					};
					6D6FEEE419BE82AE003C0535 = {
						CreatedOnToolsVersion = 6.0;
						TestTargetID = 6D6FEECB19BE82AE003C0535;
					};
				};
			};
			buildConfigurationList = 6D6FEEC719BE82AE003C0535 /* Build configuration list for PBXProject "TwentyThousandThomatoes" */;
			compatibilityVersion = "Xcode 3.2";
			developmentRegion = English;
			hasScannedForEncodings = 0;
			knownRegions = (
				en,
				Base,
			);
			mainGroup = 6D6FEEC319BE82AE003C0535;
			productRefGroup = 6D6FEECD19BE82AE003C0535 /* Products */;
			projectDirPath = "";
			projectRoot = "";
			targets = (
				6D6FEECB19BE82AE003C0535 /* TwentyThousandThomatoes */,
				6D6FEEE419BE82AE003C0535 /* TwentyThousandThomatoesTests */,
			);
		};
/* End PBXProject section */

/* Begin PBXResourcesBuildPhase section */
		6D6FEECA19BE82AE003C0535 /* Resources */ = {
			isa = PBXResourcesBuildPhase;
			buildActionMask = 2147483647;
			files = (
				6D6FEEDE19BE82AE003C0535 /* Main.storyboard in Resources */,
				6D6FEEE019BE82AE003C0535 /* Images.xcassets in Resources */,
			);
			runOnlyForDeploymentPostprocessing = 0;
		};
		6D6FEEE319BE82AE003C0535 /* Resources */ = {
			isa = PBXResourcesBuildPhase;
			buildActionMask = 2147483647;
			files = (
			);
			runOnlyForDeploymentPostprocessing = 0;
		};
/* End PBXResourcesBuildPhase section */

/* Begin PBXSourcesBuildPhase section */
		6D6FEEC819BE82AE003C0535 /* Sources */ = {
			isa = PBXSourcesBuildPhase;
			buildActionMask = 2147483647;
			files = (
				6DFDB81419BEE56800183FB4 /* TTDreamMasterViewController.m in Sources */,
				6DADCF3619C12BA400266708 /* TTShortTermGoal.m in Sources */,
				6D97E33019CAB04900ED2212 /* TTPhotoSelectViewController.m in Sources */,
				6DC40FFA19CBBD52004AD6C9 /* TTPhotoEditViewController.m in Sources */,
				6DFCC0FA19E4DB0B002169D8 /* TTBottomLineTextField.m in Sources */,
				6D97E32719CA869900ED2212 /* UIImageValueTransformer.m in Sources */,
				6DADCF4819C12BA400266708 /* TTLifeGoal.m in Sources */,
				6D97E32319CA868100ED2212 /* TTTomatoes.xcdatamodeld in Sources */,
				6DADCF4519C12BA400266708 /* TTTomato.m in Sources */,
				6DADCF4219C12BA400266708 /* TTGoal.m in Sources */,
				6DC4CBC219D2EFD200AD8E3A /* TTPhotoMaskView.m in Sources */,
				6DADCF3919C12BA400266708 /* TTYearRing.m in Sources */,
				6D766FA319C98880006ED70B /* TTI.m in Sources */,
				6DFDB82019BEE94300183FB4 /* UIViewController+GetInstanceFromStoryBoard.m in Sources */,
				6DFDB82419BEF26600183FB4 /* TTDataSourceManager.m in Sources */,
				6D3537C819C3E87700570DB4 /* TTWhoAmIViewController.m in Sources */,
				6DADCF3319C12BA300266708 /* TTLongTermGoal.m in Sources */,
				6DFDB81819BEE58000183FB4 /* TTTomatoMasterViewController.m in Sources */,
				6D97E33719CAC02000ED2212 /* TTPhotoCollectionViewCell.m in Sources */,
				6D6FEED219BE82AE003C0535 /* main.m in Sources */,
				6D49B91C19D2659900A5B8B4 /* TTPhotoImageView.m in Sources */,
				6DFDB81019BEE56000183FB4 /* TTAchivementMasterViewController.m in Sources */,
				6DC15D2119D1A1CB008784F9 /* TTImageScrollView.m in Sources */,
				6D318A3919D948A5007BCD61 /* TTRoundButton.m in Sources */,
				6D2D692519C58CFF00304CF5 /* TTIViewController.m in Sources */,
				6DFDB81C19BEE74A00183FB4 /* AppDelegate.m in Sources */,
				6DB0B02619C549D9004A2192 /* TTDreamViewController.m in Sources */,
				6DADCF3F19C12BA400266708 /* TTMidleTermGoal.m in Sources */,
			);
			runOnlyForDeploymentPostprocessing = 0;
		};
		6D6FEEE119BE82AE003C0535 /* Sources */ = {
			isa = PBXSourcesBuildPhase;
			buildActionMask = 2147483647;
			files = (
				6D6FEEEC19BE82AE003C0535 /* TwentyThousandThomatoesTests.m in Sources */,
			);
			runOnlyForDeploymentPostprocessing = 0;
		};
/* End PBXSourcesBuildPhase section */

/* Begin PBXTargetDependency section */
		6D6FEEE719BE82AE003C0535 /* PBXTargetDependency */ = {
			isa = PBXTargetDependency;
			target = 6D6FEECB19BE82AE003C0535 /* TwentyThousandThomatoes */;
			targetProxy = 6D6FEEE619BE82AE003C0535 /* PBXContainerItemProxy */;
		};
/* End PBXTargetDependency section */

/* Begin PBXVariantGroup section */
		6D6FEEDC19BE82AE003C0535 /* Main.storyboard */ = {
			isa = PBXVariantGroup;
			children = (
				6D6FEEDD19BE82AE003C0535 /* Base */,
			);
			name = Main.storyboard;
			sourceTree = "<group>";
		};
/* End PBXVariantGroup section */

/* Begin XCBuildConfiguration section */
		6D6FEEED19BE82AE003C0535 /* Debug */ = {
			isa = XCBuildConfiguration;
			buildSettings = {
				ALWAYS_SEARCH_USER_PATHS = NO;
				CLANG_CXX_LANGUAGE_STANDARD = "gnu++0x";
				CLANG_CXX_LIBRARY = "libc++";
				CLANG_ENABLE_MODULES = YES;
				CLANG_ENABLE_OBJC_ARC = YES;
				CLANG_WARN_BOOL_CONVERSION = YES;
				CLANG_WARN_CONSTANT_CONVERSION = YES;
				CLANG_WARN_DIRECT_OBJC_ISA_USAGE = YES_ERROR;
				CLANG_WARN_EMPTY_BODY = YES;
				CLANG_WARN_ENUM_CONVERSION = YES;
				CLANG_WARN_INT_CONVERSION = YES;
				CLANG_WARN_OBJC_ROOT_CLASS = YES_ERROR;
				CLANG_WARN_UNREACHABLE_CODE = YES;
				CLANG_WARN__DUPLICATE_METHOD_MATCH = YES;
				"CODE_SIGN_IDENTITY[sdk=iphoneos*]" = "iPhone Developer";
				COPY_PHASE_STRIP = NO;
				ENABLE_STRICT_OBJC_MSGSEND = YES;
				GCC_C_LANGUAGE_STANDARD = gnu99;
				GCC_DYNAMIC_NO_PIC = NO;
				GCC_OPTIMIZATION_LEVEL = 0;
				GCC_PRECOMPILE_PREFIX_HEADER = YES;
				GCC_PREPROCESSOR_DEFINITIONS = (
					"DEBUG=1",
					"$(inherited)",
				);
				GCC_SYMBOLS_PRIVATE_EXTERN = NO;
				GCC_WARN_64_TO_32_BIT_CONVERSION = YES;
				GCC_WARN_ABOUT_RETURN_TYPE = YES_ERROR;
				GCC_WARN_UNDECLARED_SELECTOR = YES;
				GCC_WARN_UNINITIALIZED_AUTOS = YES_AGGRESSIVE;
				GCC_WARN_UNUSED_FUNCTION = YES;
				GCC_WARN_UNUSED_VARIABLE = YES;
				IPHONEOS_DEPLOYMENT_TARGET = 8.0;
				MTL_ENABLE_DEBUG_INFO = YES;
				ONLY_ACTIVE_ARCH = YES;
				SDKROOT = iphoneos;
				TARGETED_DEVICE_FAMILY = "1,2";
			};
			name = Debug;
		};
		6D6FEEEE19BE82AE003C0535 /* Release */ = {
			isa = XCBuildConfiguration;
			buildSettings = {
				ALWAYS_SEARCH_USER_PATHS = NO;
				CLANG_CXX_LANGUAGE_STANDARD = "gnu++0x";
				CLANG_CXX_LIBRARY = "libc++";
				CLANG_ENABLE_MODULES = YES;
				CLANG_ENABLE_OBJC_ARC = YES;
				CLANG_WARN_BOOL_CONVERSION = YES;
				CLANG_WARN_CONSTANT_CONVERSION = YES;
				CLANG_WARN_DIRECT_OBJC_ISA_USAGE = YES_ERROR;
				CLANG_WARN_EMPTY_BODY = YES;
				CLANG_WARN_ENUM_CONVERSION = YES;
				CLANG_WARN_INT_CONVERSION = YES;
				CLANG_WARN_OBJC_ROOT_CLASS = YES_ERROR;
				CLANG_WARN_UNREACHABLE_CODE = YES;
				CLANG_WARN__DUPLICATE_METHOD_MATCH = YES;
				"CODE_SIGN_IDENTITY[sdk=iphoneos*]" = "iPhone Developer";
				COPY_PHASE_STRIP = YES;
				ENABLE_NS_ASSERTIONS = NO;
				ENABLE_STRICT_OBJC_MSGSEND = YES;
				GCC_C_LANGUAGE_STANDARD = gnu99;
				GCC_PRECOMPILE_PREFIX_HEADER = YES;
				GCC_WARN_64_TO_32_BIT_CONVERSION = YES;
				GCC_WARN_ABOUT_RETURN_TYPE = YES_ERROR;
				GCC_WARN_UNDECLARED_SELECTOR = YES;
				GCC_WARN_UNINITIALIZED_AUTOS = YES_AGGRESSIVE;
				GCC_WARN_UNUSED_FUNCTION = YES;
				GCC_WARN_UNUSED_VARIABLE = YES;
				IPHONEOS_DEPLOYMENT_TARGET = 8.0;
				MTL_ENABLE_DEBUG_INFO = NO;
				SDKROOT = iphoneos;
				TARGETED_DEVICE_FAMILY = "1,2";
				VALIDATE_PRODUCT = YES;
			};
			name = Release;
		};
		6D6FEEF019BE82AE003C0535 /* Debug */ = {
			isa = XCBuildConfiguration;
			buildSettings = {
				ASSETCATALOG_COMPILER_APPICON_NAME = AppIcon;
				ASSETCATALOG_COMPILER_LAUNCHIMAGE_NAME = LaunchImage;
				CODE_SIGN_IDENTITY = "iPhone Developer";
				GCC_PRECOMPILE_PREFIX_HEADER = NO;
				GCC_PREFIX_HEADER = TwentyThousandThomatoes/General/TTTwentythousandTomatoes.pch;
				INFOPLIST_FILE = TwentyThousandThomatoes/Info.plist;
				LD_RUNPATH_SEARCH_PATHS = "$(inherited) @executable_path/Frameworks";
				PRODUCT_NAME = "$(TARGET_NAME)";
			};
			name = Debug;
		};
		6D6FEEF119BE82AE003C0535 /* Release */ = {
			isa = XCBuildConfiguration;
			buildSettings = {
				ASSETCATALOG_COMPILER_APPICON_NAME = AppIcon;
				ASSETCATALOG_COMPILER_LAUNCHIMAGE_NAME = LaunchImage;
				CODE_SIGN_IDENTITY = "iPhone Developer";
				GCC_PRECOMPILE_PREFIX_HEADER = NO;
				GCC_PREFIX_HEADER = TwentyThousandThomatoes/General/TTTwentythousandTomatoes.pch;
				INFOPLIST_FILE = TwentyThousandThomatoes/Info.plist;
				LD_RUNPATH_SEARCH_PATHS = "$(inherited) @executable_path/Frameworks";
				PRODUCT_NAME = "$(TARGET_NAME)";
			};
			name = Release;
		};
		6D6FEEF319BE82AE003C0535 /* Debug */ = {
			isa = XCBuildConfiguration;
			buildSettings = {
				BUNDLE_LOADER = "$(TEST_HOST)";
				FRAMEWORK_SEARCH_PATHS = (
					"$(SDKROOT)/Developer/Library/Frameworks",
					"$(inherited)",
				);
				GCC_PREPROCESSOR_DEFINITIONS = (
					"DEBUG=1",
					"$(inherited)",
				);
				INFOPLIST_FILE = TwentyThousandThomatoesTests/Info.plist;
				LD_RUNPATH_SEARCH_PATHS = "$(inherited) @executable_path/Frameworks @loader_path/Frameworks";
				PRODUCT_NAME = "$(TARGET_NAME)";
				TEST_HOST = "$(BUILT_PRODUCTS_DIR)/TwentyThousandThomatoes.app/TwentyThousandThomatoes";
			};
			name = Debug;
		};
		6D6FEEF419BE82AE003C0535 /* Release */ = {
			isa = XCBuildConfiguration;
			buildSettings = {
				BUNDLE_LOADER = "$(TEST_HOST)";
				FRAMEWORK_SEARCH_PATHS = (
					"$(SDKROOT)/Developer/Library/Frameworks",
					"$(inherited)",
				);
				INFOPLIST_FILE = TwentyThousandThomatoesTests/Info.plist;
				LD_RUNPATH_SEARCH_PATHS = "$(inherited) @executable_path/Frameworks @loader_path/Frameworks";
				PRODUCT_NAME = "$(TARGET_NAME)";
				TEST_HOST = "$(BUILT_PRODUCTS_DIR)/TwentyThousandThomatoes.app/TwentyThousandThomatoes";
			};
			name = Release;
		};
/* End XCBuildConfiguration section */

/* Begin XCConfigurationList section */
		6D6FEEC719BE82AE003C0535 /* Build configuration list for PBXProject "TwentyThousandThomatoes" */ = {
			isa = XCConfigurationList;
			buildConfigurations = (
				6D6FEEED19BE82AE003C0535 /* Debug */,
				6D6FEEEE19BE82AE003C0535 /* Release */,
			);
			defaultConfigurationIsVisible = 0;
			defaultConfigurationName = Release;
		};
		6D6FEEEF19BE82AE003C0535 /* Build configuration list for PBXNativeTarget "TwentyThousandThomatoes" */ = {
			isa = XCConfigurationList;
			buildConfigurations = (
				6D6FEEF019BE82AE003C0535 /* Debug */,
				6D6FEEF119BE82AE003C0535 /* Release */,
			);
			defaultConfigurationIsVisible = 0;
			defaultConfigurationName = Release;
		};
		6D6FEEF219BE82AE003C0535 /* Build configuration list for PBXNativeTarget "TwentyThousandThomatoesTests" */ = {
			isa = XCConfigurationList;
			buildConfigurations = (
				6D6FEEF319BE82AE003C0535 /* Debug */,
				6D6FEEF419BE82AE003C0535 /* Release */,
			);
			defaultConfigurationIsVisible = 0;
			defaultConfigurationName = Release;
		};
/* End XCConfigurationList section */

/* Begin XCVersionGroup section */
		6D97E32119CA868100ED2212 /* TTTomatoes.xcdatamodeld */ = {
			isa = XCVersionGroup;
			children = (
				6D97E32219CA868100ED2212 /* TTTomatoes.xcdatamodel */,
			);
			currentVersion = 6D97E32219CA868100ED2212 /* TTTomatoes.xcdatamodel */;
			path = TTTomatoes.xcdatamodeld;
			sourceTree = "<group>";
			versionGroupType = wrapper.xcdatamodel;
		};
/* End XCVersionGroup section */
	};
	rootObject = 6D6FEEC419BE82AE003C0535 /* Project object */;
}
