// !$*UTF8*$!
{
	archiveVersion = 1;
	classes = {
	};
	objectVersion = 46;
	objects = {

/* Begin PBXBuildFile section */
		77F178371952BBA70083F923 /* Foundation.framework in Frameworks */ = {isa = PBXBuildFile; fileRef = 77F178361952BBA70083F923 /* Foundation.framework */; };
		77F178391952BBA70083F923 /* CoreGraphics.framework in Frameworks */ = {isa = PBXBuildFile; fileRef = 77F178381952BBA70083F923 /* CoreGraphics.framework */; };
		77F1783B1952BBA70083F923 /* UIKit.framework in Frameworks */ = {isa = PBXBuildFile; fileRef = 77F1783A1952BBA70083F923 /* UIKit.framework */; };
		77F178411952BBA70083F923 /* InfoPlist.strings in Resources */ = {isa = PBXBuildFile; fileRef = 77F1783F1952BBA70083F923 /* InfoPlist.strings */; };
		77F178431952BBA70083F923 /* main.m in Sources */ = {isa = PBXBuildFile; fileRef = 77F178421952BBA70083F923 /* main.m */; };
		77F178471952BBA70083F923 /* TTTAppDelegate.m in Sources */ = {isa = PBXBuildFile; fileRef = 77F178461952BBA70083F923 /* TTTAppDelegate.m */; };
		77F1784A1952BBA70083F923 /* Main_iPhone.storyboard in Resources */ = {isa = PBXBuildFile; fileRef = 77F178481952BBA70083F923 /* Main_iPhone.storyboard */; };
		77F1784D1952BBA70083F923 /* Main_iPad.storyboard in Resources */ = {isa = PBXBuildFile; fileRef = 77F1784B1952BBA70083F923 /* Main_iPad.storyboard */; };
		77F178501952BBA70083F923 /* TTTViewController.m in Sources */ = {isa = PBXBuildFile; fileRef = 77F1784F1952BBA70083F923 /* TTTViewController.m */; };
		77F178521952BBA70083F923 /* Images.xcassets in Resources */ = {isa = PBXBuildFile; fileRef = 77F178511952BBA70083F923 /* Images.xcassets */; };
		77F178591952BBA70083F923 /* XCTest.framework in Frameworks */ = {isa = PBXBuildFile; fileRef = 77F178581952BBA70083F923 /* XCTest.framework */; };
		77F1785A1952BBA70083F923 /* Foundation.framework in Frameworks */ = {isa = PBXBuildFile; fileRef = 77F178361952BBA70083F923 /* Foundation.framework */; };
		77F1785B1952BBA70083F923 /* UIKit.framework in Frameworks */ = {isa = PBXBuildFile; fileRef = 77F1783A1952BBA70083F923 /* UIKit.framework */; };
		77F178631952BBA70083F923 /* InfoPlist.strings in Resources */ = {isa = PBXBuildFile; fileRef = 77F178611952BBA70083F923 /* InfoPlist.strings */; };
		77F178651952BBA70083F923 /* TwentyThousandTomatoesTests.m in Sources */ = {isa = PBXBuildFile; fileRef = 77F178641952BBA70083F923 /* TwentyThousandTomatoesTests.m */; };
/* End PBXBuildFile section */

/* Begin PBXContainerItemProxy section */
		77F1785C1952BBA70083F923 /* PBXContainerItemProxy */ = {
			isa = PBXContainerItemProxy;
			containerPortal = 77F1782B1952BBA70083F923 /* Project object */;
			proxyType = 1;
			remoteGlobalIDString = 77F178321952BBA70083F923;
			remoteInfo = TwentyThousandTomatoes;
		};
/* End PBXContainerItemProxy section */

/* Begin PBXFileReference section */
		77F178331952BBA70083F923 /* TwentyThousandTomatoes.app */ = {isa = PBXFileReference; explicitFileType = wrapper.application; includeInIndex = 0; path = TwentyThousandTomatoes.app; sourceTree = BUILT_PRODUCTS_DIR; };
		77F178361952BBA70083F923 /* Foundation.framework */ = {isa = PBXFileReference; lastKnownFileType = wrapper.framework; name = Foundation.framework; path = System/Library/Frameworks/Foundation.framework; sourceTree = SDKROOT; };
		77F178381952BBA70083F923 /* CoreGraphics.framework */ = {isa = PBXFileReference; lastKnownFileType = wrapper.framework; name = CoreGraphics.framework; path = System/Library/Frameworks/CoreGraphics.framework; sourceTree = SDKROOT; };
		77F1783A1952BBA70083F923 /* UIKit.framework */ = {isa = PBXFileReference; lastKnownFileType = wrapper.framework; name = UIKit.framework; path = System/Library/Frameworks/UIKit.framework; sourceTree = SDKROOT; };
		77F1783E1952BBA70083F923 /* TwentyThousandTomatoes-Info.plist */ = {isa = PBXFileReference; lastKnownFileType = text.plist.xml; path = "TwentyThousandTomatoes-Info.plist"; sourceTree = "<group>"; };
		77F178401952BBA70083F923 /* en */ = {isa = PBXFileReference; lastKnownFileType = text.plist.strings; name = en; path = en.lproj/InfoPlist.strings; sourceTree = "<group>"; };
		77F178421952BBA70083F923 /* main.m */ = {isa = PBXFileReference; lastKnownFileType = sourcecode.c.objc; path = main.m; sourceTree = "<group>"; };
		77F178441952BBA70083F923 /* TwentyThousandTomatoes-Prefix.pch */ = {isa = PBXFileReference; lastKnownFileType = sourcecode.c.h; path = "TwentyThousandTomatoes-Prefix.pch"; sourceTree = "<group>"; };
		77F178451952BBA70083F923 /* TTTAppDelegate.h */ = {isa = PBXFileReference; lastKnownFileType = sourcecode.c.h; path = TTTAppDelegate.h; sourceTree = "<group>"; };
		77F178461952BBA70083F923 /* TTTAppDelegate.m */ = {isa = PBXFileReference; lastKnownFileType = sourcecode.c.objc; path = TTTAppDelegate.m; sourceTree = "<group>"; };
		77F178491952BBA70083F923 /* Base */ = {isa = PBXFileReference; lastKnownFileType = file.storyboard; name = Base; path = Base.lproj/Main_iPhone.storyboard; sourceTree = "<group>"; };
		77F1784C1952BBA70083F923 /* Base */ = {isa = PBXFileReference; lastKnownFileType = file.storyboard; name = Base; path = Base.lproj/Main_iPad.storyboard; sourceTree = "<group>"; };
		77F1784E1952BBA70083F923 /* TTTViewController.h */ = {isa = PBXFileReference; lastKnownFileType = sourcecode.c.h; path = TTTViewController.h; sourceTree = "<group>"; };
		77F1784F1952BBA70083F923 /* TTTViewController.m */ = {isa = PBXFileReference; lastKnownFileType = sourcecode.c.objc; path = TTTViewController.m; sourceTree = "<group>"; };
		77F178511952BBA70083F923 /* Images.xcassets */ = {isa = PBXFileReference; lastKnownFileType = folder.assetcatalog; path = Images.xcassets; sourceTree = "<group>"; };
		77F178571952BBA70083F923 /* TwentyThousandTomatoesTests.xctest */ = {isa = PBXFileReference; explicitFileType = wrapper.cfbundle; includeInIndex = 0; path = TwentyThousandTomatoesTests.xctest; sourceTree = BUILT_PRODUCTS_DIR; };
		77F178581952BBA70083F923 /* XCTest.framework */ = {isa = PBXFileReference; lastKnownFileType = wrapper.framework; name = XCTest.framework; path = Library/Frameworks/XCTest.framework; sourceTree = DEVELOPER_DIR; };
		77F178601952BBA70083F923 /* TwentyThousandTomatoesTests-Info.plist */ = {isa = PBXFileReference; lastKnownFileType = text.plist.xml; path = "TwentyThousandTomatoesTests-Info.plist"; sourceTree = "<group>"; };
		77F178621952BBA70083F923 /* en */ = {isa = PBXFileReference; lastKnownFileType = text.plist.strings; name = en; path = en.lproj/InfoPlist.strings; sourceTree = "<group>"; };
		77F178641952BBA70083F923 /* TwentyThousandTomatoesTests.m */ = {isa = PBXFileReference; lastKnownFileType = sourcecode.c.objc; path = TwentyThousandTomatoesTests.m; sourceTree = "<group>"; };
/* End PBXFileReference section */

/* Begin PBXFrameworksBuildPhase section */
		77F178301952BBA70083F923 /* Frameworks */ = {
			isa = PBXFrameworksBuildPhase;
			buildActionMask = 2147483647;
			files = (
				77F178391952BBA70083F923 /* CoreGraphics.framework in Frameworks */,
				77F1783B1952BBA70083F923 /* UIKit.framework in Frameworks */,
				77F178371952BBA70083F923 /* Foundation.framework in Frameworks */,
			);
			runOnlyForDeploymentPostprocessing = 0;
		};
		77F178541952BBA70083F923 /* Frameworks */ = {
			isa = PBXFrameworksBuildPhase;
			buildActionMask = 2147483647;
			files = (
				77F178591952BBA70083F923 /* XCTest.framework in Frameworks */,
				77F1785B1952BBA70083F923 /* UIKit.framework in Frameworks */,
				77F1785A1952BBA70083F923 /* Foundation.framework in Frameworks */,
			);
			runOnlyForDeploymentPostprocessing = 0;
		};
/* End PBXFrameworksBuildPhase section */

/* Begin PBXGroup section */
		77F1782A1952BBA70083F923 = {
			isa = PBXGroup;
			children = (
				77F1783C1952BBA70083F923 /* TwentyThousandTomatoes */,
				77F1785E1952BBA70083F923 /* TwentyThousandTomatoesTests */,
				77F178351952BBA70083F923 /* Frameworks */,
				77F178341952BBA70083F923 /* Products */,
			);
			sourceTree = "<group>";
		};
		77F178341952BBA70083F923 /* Products */ = {
			isa = PBXGroup;
			children = (
				77F178331952BBA70083F923 /* TwentyThousandTomatoes.app */,
				77F178571952BBA70083F923 /* TwentyThousandTomatoesTests.xctest */,
			);
			name = Products;
			sourceTree = "<group>";
		};
		77F178351952BBA70083F923 /* Frameworks */ = {
			isa = PBXGroup;
			children = (
				77F178361952BBA70083F923 /* Foundation.framework */,
				77F178381952BBA70083F923 /* CoreGraphics.framework */,
				77F1783A1952BBA70083F923 /* UIKit.framework */,
				77F178581952BBA70083F923 /* XCTest.framework */,
			);
			name = Frameworks;
			sourceTree = "<group>";
		};
		77F1783C1952BBA70083F923 /* TwentyThousandTomatoes */ = {
			isa = PBXGroup;
			children = (
				77F178451952BBA70083F923 /* TTTAppDelegate.h */,
				77F178461952BBA70083F923 /* TTTAppDelegate.m */,
				77F178481952BBA70083F923 /* Main_iPhone.storyboard */,
				77F1784B1952BBA70083F923 /* Main_iPad.storyboard */,
				77F1784E1952BBA70083F923 /* TTTViewController.h */,
				77F1784F1952BBA70083F923 /* TTTViewController.m */,
				77F178511952BBA70083F923 /* Images.xcassets */,
				77F1783D1952BBA70083F923 /* Supporting Files */,
			);
			path = TwentyThousandTomatoes;
			sourceTree = "<group>";
		};
		77F1783D1952BBA70083F923 /* Supporting Files */ = {
			isa = PBXGroup;
			children = (
				77F1783E1952BBA70083F923 /* TwentyThousandTomatoes-Info.plist */,
				77F1783F1952BBA70083F923 /* InfoPlist.strings */,
				77F178421952BBA70083F923 /* main.m */,
				77F178441952BBA70083F923 /* TwentyThousandTomatoes-Prefix.pch */,
			);
			name = "Supporting Files";
			sourceTree = "<group>";
		};
		77F1785E1952BBA70083F923 /* TwentyThousandTomatoesTests */ = {
			isa = PBXGroup;
			children = (
				77F178641952BBA70083F923 /* TwentyThousandTomatoesTests.m */,
				77F1785F1952BBA70083F923 /* Supporting Files */,
			);
			path = TwentyThousandTomatoesTests;
			sourceTree = "<group>";
		};
		77F1785F1952BBA70083F923 /* Supporting Files */ = {
			isa = PBXGroup;
			children = (
				77F178601952BBA70083F923 /* TwentyThousandTomatoesTests-Info.plist */,
				77F178611952BBA70083F923 /* InfoPlist.strings */,
			);
			name = "Supporting Files";
			sourceTree = "<group>";
		};
/* End PBXGroup section */

/* Begin PBXNativeTarget section */
		77F178321952BBA70083F923 /* TwentyThousandTomatoes */ = {
			isa = PBXNativeTarget;
			buildConfigurationList = 77F178681952BBA70083F923 /* Build configuration list for PBXNativeTarget "TwentyThousandTomatoes" */;
			buildPhases = (
				77F1782F1952BBA70083F923 /* Sources */,
				77F178301952BBA70083F923 /* Frameworks */,
				77F178311952BBA70083F923 /* Resources */,
			);
			buildRules = (
			);
			dependencies = (
			);
			name = TwentyThousandTomatoes;
			productName = TwentyThousandTomatoes;
			productReference = 77F178331952BBA70083F923 /* TwentyThousandTomatoes.app */;
			productType = "com.apple.product-type.application";
		};
		77F178561952BBA70083F923 /* TwentyThousandTomatoesTests */ = {
			isa = PBXNativeTarget;
			buildConfigurationList = 77F1786B1952BBA70083F923 /* Build configuration list for PBXNativeTarget "TwentyThousandTomatoesTests" */;
			buildPhases = (
				77F178531952BBA70083F923 /* Sources */,
				77F178541952BBA70083F923 /* Frameworks */,
				77F178551952BBA70083F923 /* Resources */,
			);
			buildRules = (
			);
			dependencies = (
				77F1785D1952BBA70083F923 /* PBXTargetDependency */,
			);
			name = TwentyThousandTomatoesTests;
			productName = TwentyThousandTomatoesTests;
			productReference = 77F178571952BBA70083F923 /* TwentyThousandTomatoesTests.xctest */;
			productType = "com.apple.product-type.bundle.unit-test";
		};
/* End PBXNativeTarget section */

/* Begin PBXProject section */
		77F1782B1952BBA70083F923 /* Project object */ = {
			isa = PBXProject;
			attributes = {
				CLASSPREFIX = TTT;
				LastUpgradeCheck = 0510;
				ORGANIZATIONNAME = "http://blog.csdn.net/lihuiqwertyuiop";
				TargetAttributes = {
					77F178561952BBA70083F923 = {
						TestTargetID = 77F178321952BBA70083F923;
					};
				};
			};
			buildConfigurationList = 77F1782E1952BBA70083F923 /* Build configuration list for PBXProject "TwentyThousandTomatoes" */;
			compatibilityVersion = "Xcode 3.2";
			developmentRegion = English;
			hasScannedForEncodings = 0;
			knownRegions = (
				en,
				Base,
			);
			mainGroup = 77F1782A1952BBA70083F923;
			productRefGroup = 77F178341952BBA70083F923 /* Products */;
			projectDirPath = "";
			projectRoot = "";
			targets = (
				77F178321952BBA70083F923 /* TwentyThousandTomatoes */,
				77F178561952BBA70083F923 /* TwentyThousandTomatoesTests */,
			);
		};
/* End PBXProject section */

/* Begin PBXResourcesBuildPhase section */
		77F178311952BBA70083F923 /* Resources */ = {
			isa = PBXResourcesBuildPhase;
			buildActionMask = 2147483647;
			files = (
				77F1784D1952BBA70083F923 /* Main_iPad.storyboard in Resources */,
				77F178521952BBA70083F923 /* Images.xcassets in Resources */,
				77F1784A1952BBA70083F923 /* Main_iPhone.storyboard in Resources */,
				77F178411952BBA70083F923 /* InfoPlist.strings in Resources */,
			);
			runOnlyForDeploymentPostprocessing = 0;
		};
		77F178551952BBA70083F923 /* Resources */ = {
			isa = PBXResourcesBuildPhase;
			buildActionMask = 2147483647;
			files = (
				77F178631952BBA70083F923 /* InfoPlist.strings in Resources */,
			);
			runOnlyForDeploymentPostprocessing = 0;
		};
/* End PBXResourcesBuildPhase section */

/* Begin PBXSourcesBuildPhase section */
		77F1782F1952BBA70083F923 /* Sources */ = {
			isa = PBXSourcesBuildPhase;
			buildActionMask = 2147483647;
			files = (
				77F178501952BBA70083F923 /* TTTViewController.m in Sources */,
				77F178431952BBA70083F923 /* main.m in Sources */,
				77F178471952BBA70083F923 /* TTTAppDelegate.m in Sources */,
			);
			runOnlyForDeploymentPostprocessing = 0;
		};
		77F178531952BBA70083F923 /* Sources */ = {
			isa = PBXSourcesBuildPhase;
			buildActionMask = 2147483647;
			files = (
				77F178651952BBA70083F923 /* TwentyThousandTomatoesTests.m in Sources */,
			);
			runOnlyForDeploymentPostprocessing = 0;
		};
/* End PBXSourcesBuildPhase section */

/* Begin PBXTargetDependency section */
		77F1785D1952BBA70083F923 /* PBXTargetDependency */ = {
			isa = PBXTargetDependency;
			target = 77F178321952BBA70083F923 /* TwentyThousandTomatoes */;
			targetProxy = 77F1785C1952BBA70083F923 /* PBXContainerItemProxy */;
		};
/* End PBXTargetDependency section */

/* Begin PBXVariantGroup section */
		77F1783F1952BBA70083F923 /* InfoPlist.strings */ = {
			isa = PBXVariantGroup;
			children = (
				77F178401952BBA70083F923 /* en */,
			);
			name = InfoPlist.strings;
			sourceTree = "<group>";
		};
		77F178481952BBA70083F923 /* Main_iPhone.storyboard */ = {
			isa = PBXVariantGroup;
			children = (
				77F178491952BBA70083F923 /* Base */,
			);
			name = Main_iPhone.storyboard;
			sourceTree = "<group>";
		};
		77F1784B1952BBA70083F923 /* Main_iPad.storyboard */ = {
			isa = PBXVariantGroup;
			children = (
				77F1784C1952BBA70083F923 /* Base */,
			);
			name = Main_iPad.storyboard;
			sourceTree = "<group>";
		};
		77F178611952BBA70083F923 /* InfoPlist.strings */ = {
			isa = PBXVariantGroup;
			children = (
				77F178621952BBA70083F923 /* en */,
			);
			name = InfoPlist.strings;
			sourceTree = "<group>";
		};
/* End PBXVariantGroup section */

/* Begin XCBuildConfiguration section */
		77F178661952BBA70083F923 /* Debug */ = {
			isa = XCBuildConfiguration;
			buildSettings = {
				ALWAYS_SEARCH_USER_PATHS = NO;
				CLANG_CXX_LANGUAGE_STANDARD = "gnu++0x";
				CLANG_CXX_LIBRARY = "libc++";
				CLANG_ENABLE_MODULES = YES;
				CLANG_ENABLE_OBJC_ARC = YES;
				CLANG_WARN_BOOL_CONVERSION = YES;
				CLANG_WARN_CONSTANT_CONVERSION = YES;
				CLANG_WARN_DIRECT_OBJC_ISA_USAGE = YES_ERROR;
				CLANG_WARN_EMPTY_BODY = YES;
				CLANG_WARN_ENUM_CONVERSION = YES;
				CLANG_WARN_INT_CONVERSION = YES;
				CLANG_WARN_OBJC_ROOT_CLASS = YES_ERROR;
				CLANG_WARN__DUPLICATE_METHOD_MATCH = YES;
				"CODE_SIGN_IDENTITY[sdk=iphoneos*]" = "iPhone Developer";
				COPY_PHASE_STRIP = NO;
				GCC_C_LANGUAGE_STANDARD = gnu99;
				GCC_DYNAMIC_NO_PIC = NO;
				GCC_OPTIMIZATION_LEVEL = 0;
				GCC_PREPROCESSOR_DEFINITIONS = (
					"DEBUG=1",
					"$(inherited)",
				);
				GCC_SYMBOLS_PRIVATE_EXTERN = NO;
				GCC_WARN_64_TO_32_BIT_CONVERSION = YES;
				GCC_WARN_ABOUT_RETURN_TYPE = YES_ERROR;
				GCC_WARN_UNDECLARED_SELECTOR = YES;
				GCC_WARN_UNINITIALIZED_AUTOS = YES_AGGRESSIVE;
				GCC_WARN_UNUSED_FUNCTION = YES;
				GCC_WARN_UNUSED_VARIABLE = YES;
				IPHONEOS_DEPLOYMENT_TARGET = 7.1;
				ONLY_ACTIVE_ARCH = YES;
				SDKROOT = iphoneos;
				TARGETED_DEVICE_FAMILY = "1,2";
			};
			name = Debug;
		};
		77F178671952BBA70083F923 /* Release */ = {
			isa = XCBuildConfiguration;
			buildSettings = {
				ALWAYS_SEARCH_USER_PATHS = NO;
				CLANG_CXX_LANGUAGE_STANDARD = "gnu++0x";
				CLANG_CXX_LIBRARY = "libc++";
				CLANG_ENABLE_MODULES = YES;
				CLANG_ENABLE_OBJC_ARC = YES;
				CLANG_WARN_BOOL_CONVERSION = YES;
				CLANG_WARN_CONSTANT_CONVERSION = YES;
				CLANG_WARN_DIRECT_OBJC_ISA_USAGE = YES_ERROR;
				CLANG_WARN_EMPTY_BODY = YES;
				CLANG_WARN_ENUM_CONVERSION = YES;
				CLANG_WARN_INT_CONVERSION = YES;
				CLANG_WARN_OBJC_ROOT_CLASS = YES_ERROR;
				CLANG_WARN__DUPLICATE_METHOD_MATCH = YES;
				"CODE_SIGN_IDENTITY[sdk=iphoneos*]" = "iPhone Developer";
				COPY_PHASE_STRIP = YES;
				ENABLE_NS_ASSERTIONS = NO;
				GCC_C_LANGUAGE_STANDARD = gnu99;
				GCC_WARN_64_TO_32_BIT_CONVERSION = YES;
				GCC_WARN_ABOUT_RETURN_TYPE = YES_ERROR;
				GCC_WARN_UNDECLARED_SELECTOR = YES;
				GCC_WARN_UNINITIALIZED_AUTOS = YES_AGGRESSIVE;
				GCC_WARN_UNUSED_FUNCTION = YES;
				GCC_WARN_UNUSED_VARIABLE = YES;
				IPHONEOS_DEPLOYMENT_TARGET = 7.1;
				SDKROOT = iphoneos;
				TARGETED_DEVICE_FAMILY = "1,2";
				VALIDATE_PRODUCT = YES;
			};
			name = Release;
		};
		77F178691952BBA70083F923 /* Debug */ = {
			isa = XCBuildConfiguration;
			buildSettings = {
				ASSETCATALOG_COMPILER_APPICON_NAME = AppIcon;
				ASSETCATALOG_COMPILER_LAUNCHIMAGE_NAME = LaunchImage;
				GCC_PRECOMPILE_PREFIX_HEADER = YES;
				GCC_PREFIX_HEADER = "TwentyThousandTomatoes/TwentyThousandTomatoes-Prefix.pch";
				INFOPLIST_FILE = "TwentyThousandTomatoes/TwentyThousandTomatoes-Info.plist";
				PRODUCT_NAME = "$(TARGET_NAME)";
				WRAPPER_EXTENSION = app;
			};
			name = Debug;
		};
		77F1786A1952BBA70083F923 /* Release */ = {
			isa = XCBuildConfiguration;
			buildSettings = {
				ASSETCATALOG_COMPILER_APPICON_NAME = AppIcon;
				ASSETCATALOG_COMPILER_LAUNCHIMAGE_NAME = LaunchImage;
				GCC_PRECOMPILE_PREFIX_HEADER = YES;
				GCC_PREFIX_HEADER = "TwentyThousandTomatoes/TwentyThousandTomatoes-Prefix.pch";
				INFOPLIST_FILE = "TwentyThousandTomatoes/TwentyThousandTomatoes-Info.plist";
				PRODUCT_NAME = "$(TARGET_NAME)";
				WRAPPER_EXTENSION = app;
			};
			name = Release;
		};
		77F1786C1952BBA70083F923 /* Debug */ = {
			isa = XCBuildConfiguration;
			buildSettings = {
				BUNDLE_LOADER = "$(BUILT_PRODUCTS_DIR)/TwentyThousandTomatoes.app/TwentyThousandTomatoes";
				FRAMEWORK_SEARCH_PATHS = (
					"$(SDKROOT)/Developer/Library/Frameworks",
					"$(inherited)",
					"$(DEVELOPER_FRAMEWORKS_DIR)",
				);
				GCC_PRECOMPILE_PREFIX_HEADER = YES;
				GCC_PREFIX_HEADER = "TwentyThousandTomatoes/TwentyThousandTomatoes-Prefix.pch";
				GCC_PREPROCESSOR_DEFINITIONS = (
					"DEBUG=1",
					"$(inherited)",
				);
				INFOPLIST_FILE = "TwentyThousandTomatoesTests/TwentyThousandTomatoesTests-Info.plist";
				PRODUCT_NAME = "$(TARGET_NAME)";
				TEST_HOST = "$(BUNDLE_LOADER)";
				WRAPPER_EXTENSION = xctest;
			};
			name = Debug;
		};
		77F1786D1952BBA70083F923 /* Release */ = {
			isa = XCBuildConfiguration;
			buildSettings = {
				BUNDLE_LOADER = "$(BUILT_PRODUCTS_DIR)/TwentyThousandTomatoes.app/TwentyThousandTomatoes";
				FRAMEWORK_SEARCH_PATHS = (
					"$(SDKROOT)/Developer/Library/Frameworks",
					"$(inherited)",
					"$(DEVELOPER_FRAMEWORKS_DIR)",
				);
				GCC_PRECOMPILE_PREFIX_HEADER = YES;
				GCC_PREFIX_HEADER = "TwentyThousandTomatoes/TwentyThousandTomatoes-Prefix.pch";
				INFOPLIST_FILE = "TwentyThousandTomatoesTests/TwentyThousandTomatoesTests-Info.plist";
				PRODUCT_NAME = "$(TARGET_NAME)";
				TEST_HOST = "$(BUNDLE_LOADER)";
				WRAPPER_EXTENSION = xctest;
			};
			name = Release;
		};
/* End XCBuildConfiguration section */

/* Begin XCConfigurationList section */
		77F1782E1952BBA70083F923 /* Build configuration list for PBXProject "TwentyThousandTomatoes" */ = {
			isa = XCConfigurationList;
			buildConfigurations = (
				77F178661952BBA70083F923 /* Debug */,
				77F178671952BBA70083F923 /* Release */,
			);
			defaultConfigurationIsVisible = 0;
			defaultConfigurationName = Release;
		};
		77F178681952BBA70083F923 /* Build configuration list for PBXNativeTarget "TwentyThousandTomatoes" */ = {
			isa = XCConfigurationList;
			buildConfigurations = (
				77F178691952BBA70083F923 /* Debug */,
				77F1786A1952BBA70083F923 /* Release */,
			);
			defaultConfigurationIsVisible = 0;
		};
		77F1786B1952BBA70083F923 /* Build configuration list for PBXNativeTarget "TwentyThousandTomatoesTests" */ = {
			isa = XCConfigurationList;
			buildConfigurations = (
				77F1786C1952BBA70083F923 /* Debug */,
				77F1786D1952BBA70083F923 /* Release */,
			);
			defaultConfigurationIsVisible = 0;
		};
/* End XCConfigurationList section */
	};
	rootObject = 77F1782B1952BBA70083F923 /* Project object */;
}
